{
  "name": "@enterpriseai/setup",
  "version": "0.3.17",
  "lockfileVersion": 3,
  "requires": true,
  "packages": {
    "": {
      "name": "@enterpriseai/setup",
      "version": "0.3.17",
      "devDependencies": {
        "@paper-design/shaders": "^0.0.80"
      },
      "engines": {
        "node": ">=20"
      }
    },
    "node_modules/@paper-design/shaders": {
      "version": "0.0.80",
      "resolved": "https://registry.npmjs.org/@paper-design/shaders/-/shaders-0.0.80.tgz",
      "integrity": "sha512-pcabvt5xDlFoEhpjUj4b1tGJMfqb0i5mXifWMNQf6z7FoOJYxYDo7F8R6k0JAh5D/7ouxjX5+N0cIq5WURyQ1Q==",
      "dev": true,
      "license": "Apache-2.0"
    }
  }
}
